
Microsoft Visual Studio Solution File, Format Version 12.00
# Visual Studio Version 16
VisualStudioVersion = 25.0.1706.4
MinimumVisualStudioVersion = 10.0.40219.1
Project("{FAE04EC0-301F-11D3-BF4B-00C04F79EFBC}") = "Project1", "Project1.csproj", "{8011327B-E1B6-4898-8959-AA7E1F9D6B4F}"
EndProject
Global
	GlobalSection(SolutionConfigurationPlatforms) = preSolution
		Debug|Any CPU = Debug|Any CPU
		Release|Any CPU = Release|Any CPU
	EndGlobalSection
	GlobalSection(ProjectConfigurationPlatforms) = postSolution
		{8011327B-E1B6-4898-8959-AA7E1F9D6B4F}.Debug|Any CPU.ActiveCfg = Debug|Any CPU
		{8011327B-E1B6-4898-8959-AA7E1F9D6B4F}.Debug|Any CPU.Build.0 = Debug|Any CPU
		{8011327B-E1B6-4898-8959-AA7E1F9D6B4F}.Release|Any CPU.ActiveCfg = Release|Any CPU
		{8011327B-E1B6-4898-8959-AA7E1F9D6B4F}.Release|Any CPU.Build.0 = Release|Any CPU
	EndGlobalSection
	GlobalSection(SolutionProperties) = preSolution
		HideSolutionNode = FALSE
	EndGlobalSection
	GlobalSection(ExtensibilityGlobals) = postSolution
		SolutionGuid = {CE656C20-5F99-445E-B3DA-060B1AA8A42D}
	EndGlobalSection
EndGlobal
